
Microsoft Visual Studio Solution File, Format Version 12.00
# Visual Studio Version 17
VisualStudioVersion = 17.0.31825.309
MinimumVisualStudioVersion = 10.0.40219.1
Project("{9A19103F-16F7-4668-BE54-9A1E7A4F7556}") = "MidsReborn", "MidsReborn\MidsReborn.csproj", "{45CB95D6-2FF8-4450-9000-3769DF02D9CB}"
	ProjectSection(ProjectDependencies) = postProject
		{F6C12A18-E2F7-48FF-921A-1754CE8EABA4} = {F6C12A18-E2F7-48FF-921A-1754CE8EABA4}
	EndProjectSection
EndProject
Project("{9A19103F-16F7-4668-BE54-9A1E7A4F7556}") = "mrbControls", "MidsReborn.Controls\mrbControls.csproj", "{9FF87007-5242-49D0-BEF0-33AADD0A6924}"
EndProject
Project("{9A19103F-16F7-4668-BE54-9A1E7A4F7556}") = "mrbBase", "MidsReborn.Base\mrbBase.csproj", "{FF5AD21E-1C33-4B09-B05F-6C8B815D8236}"
EndProject
Project("{9A19103F-16F7-4668-BE54-9A1E7A4F7556}") = "MidsReborn.Updater", "MidsReborn.Updater\MidsReborn.Updater.csproj", "{F6C12A18-E2F7-48FF-921A-1754CE8EABA4}"
	ProjectSection(ProjectDependencies) = postProject
		{FF5AD21E-1C33-4B09-B05F-6C8B815D8236} = {FF5AD21E-1C33-4B09-B05F-6C8B815D8236}
	EndProjectSection
EndProject
Global
	GlobalSection(SolutionConfigurationPlatforms) = preSolution
		Debug|Any CPU = Debug|Any CPU
		Release|Any CPU = Release|Any CPU
	EndGlobalSection
	GlobalSection(ProjectConfigurationPlatforms) = postSolution
		{45CB95D6-2FF8-4450-9000-3769DF02D9CB}.Debug|Any CPU.ActiveCfg = Debug|Any CPU
		{45CB95D6-2FF8-4450-9000-3769DF02D9CB}.Debug|Any CPU.Build.0 = Debug|Any CPU
		{45CB95D6-2FF8-4450-9000-3769DF02D9CB}.Release|Any CPU.ActiveCfg = Release|Any CPU
		{45CB95D6-2FF8-4450-9000-3769DF02D9CB}.Release|Any CPU.Build.0 = Release|Any CPU
		{9FF87007-5242-49D0-BEF0-33AADD0A6924}.Debug|Any CPU.ActiveCfg = Debug|Any CPU
		{9FF87007-5242-49D0-BEF0-33AADD0A6924}.Debug|Any CPU.Build.0 = Debug|Any CPU
		{9FF87007-5242-49D0-BEF0-33AADD0A6924}.Release|Any CPU.ActiveCfg = Release|Any CPU
		{9FF87007-5242-49D0-BEF0-33AADD0A6924}.Release|Any CPU.Build.0 = Release|Any CPU
		{FF5AD21E-1C33-4B09-B05F-6C8B815D8236}.Debug|Any CPU.ActiveCfg = Debug|Any CPU
		{FF5AD21E-1C33-4B09-B05F-6C8B815D8236}.Debug|Any CPU.Build.0 = Debug|Any CPU
		{FF5AD21E-1C33-4B09-B05F-6C8B815D8236}.Release|Any CPU.ActiveCfg = Release|Any CPU
		{FF5AD21E-1C33-4B09-B05F-6C8B815D8236}.Release|Any CPU.Build.0 = Release|Any CPU
		{F6C12A18-E2F7-48FF-921A-1754CE8EABA4}.Debug|Any CPU.ActiveCfg = Debug|Any CPU
		{F6C12A18-E2F7-48FF-921A-1754CE8EABA4}.Debug|Any CPU.Build.0 = Debug|Any CPU
		{F6C12A18-E2F7-48FF-921A-1754CE8EABA4}.Release|Any CPU.ActiveCfg = Release|Any CPU
		{F6C12A18-E2F7-48FF-921A-1754CE8EABA4}.Release|Any CPU.Build.0 = Release|Any CPU
	EndGlobalSection
	GlobalSection(SolutionProperties) = preSolution
		HideSolutionNode = FALSE
	EndGlobalSection
	GlobalSection(ExtensibilityGlobals) = postSolution
		SolutionGuid = {9BFBED20-8DB9-41AF-A1A2-34D408C2860B}
	EndGlobalSection
EndGlobal
